{
  "name": "openmapsamples",
  "version": "0.1.0",
  "lockfileVersion": 1,
  "requires": true,
  "dependencies": {
    "geojson-validation": {
      "version": "1.0.2",
      "resolved": "https://registry.npmjs.org/geojson-validation/-/geojson-validation-1.0.2.tgz",
      "integrity": "sha512-K5jrJ4wFvORn2pRKeg181LL0QPYuEKn2KHPvfH1m2QtFlAXFLKdseqt0XwBM3ELOY7kNM1fglRQ6ZwUQZ5S00A=="
    }
  }
}
